
Microsoft Visual Studio Solution File, Format Version 12.00
# Visual Studio Version 16
VisualStudioVersion = 16.0.31321.278
MinimumVisualStudioVersion = 10.0.40219.1
Project("{FAE04EC0-301F-11D3-BF4B-00C04F79EFBC}") = "LiberisDemo", "LiberisDemo\LiberisDemo.csproj", "{07FD5A40-FAE3-4F7D-AE68-4C70BC785BC6}"
EndProject
Global
	GlobalSection(SolutionConfigurationPlatforms) = preSolution
		Debug|Any CPU = Debug|Any CPU
		Release|Any CPU = Release|Any CPU
	EndGlobalSection
	GlobalSection(ProjectConfigurationPlatforms) = postSolution
		{07FD5A40-FAE3-4F7D-AE68-4C70BC785BC6}.Debug|Any CPU.ActiveCfg = Debug|Any CPU
		{07FD5A40-FAE3-4F7D-AE68-4C70BC785BC6}.Debug|Any CPU.Build.0 = Debug|Any CPU
		{07FD5A40-FAE3-4F7D-AE68-4C70BC785BC6}.Release|Any CPU.ActiveCfg = Release|Any CPU
		{07FD5A40-FAE3-4F7D-AE68-4C70BC785BC6}.Release|Any CPU.Build.0 = Release|Any CPU
	EndGlobalSection
	GlobalSection(SolutionProperties) = preSolution
		HideSolutionNode = FALSE
	EndGlobalSection
	GlobalSection(ExtensibilityGlobals) = postSolution
		SolutionGuid = {4C9E59A8-FC20-4F88-B611-CC5EA9146B63}
	EndGlobalSection
EndGlobal
